
Microsoft Visual Studio Solution File, Format Version 12.00
# Visual Studio Version 16
VisualStudioVersion = 16.0.30517.126
MinimumVisualStudioVersion = 10.0.40219.1
Project("{9A19103F-16F7-4668-BE54-9A1E7A4F7556}") = "BoxServerCore", "BoxServerCore\BoxServerCore.csproj", "{4FE3137B-EC03-4627-A6FB-8DB1CF095E69}"
EndProject
Project("{9A19103F-16F7-4668-BE54-9A1E7A4F7556}") = "BoxProtocol", "BoxProtocol\BoxProtocol.csproj", "{DDB73512-22A1-4271-8724-1B6A440348AB}"
EndProject
Project("{FAE04EC0-301F-11D3-BF4B-00C04F79EFBC}") = "ConsoleApp", "ConsoleApp\ConsoleApp.csproj", "{DF6B77FA-EB5F-4A12-9D90-6D89BDF3A9C6}"
EndProject
Global
	GlobalSection(SolutionConfigurationPlatforms) = preSolution
		Debug|Any CPU = Debug|Any CPU
		Debug|iPhone = Debug|iPhone
		Debug|iPhoneSimulator = Debug|iPhoneSimulator
		Release|Any CPU = Release|Any CPU
		Release|iPhone = Release|iPhone
		Release|iPhoneSimulator = Release|iPhoneSimulator
	EndGlobalSection
	GlobalSection(ProjectConfigurationPlatforms) = postSolution
		{4FE3137B-EC03-4627-A6FB-8DB1CF095E69}.Debug|Any CPU.ActiveCfg = Debug|Any CPU
		{4FE3137B-EC03-4627-A6FB-8DB1CF095E69}.Debug|Any CPU.Build.0 = Debug|Any CPU
		{4FE3137B-EC03-4627-A6FB-8DB1CF095E69}.Debug|iPhone.ActiveCfg = Debug|Any CPU
		{4FE3137B-EC03-4627-A6FB-8DB1CF095E69}.Debug|iPhone.Build.0 = Debug|Any CPU
		{4FE3137B-EC03-4627-A6FB-8DB1CF095E69}.Debug|iPhoneSimulator.ActiveCfg = Debug|Any CPU
		{4FE3137B-EC03-4627-A6FB-8DB1CF095E69}.Debug|iPhoneSimulator.Build.0 = Debug|Any CPU
		{4FE3137B-EC03-4627-A6FB-8DB1CF095E69}.Release|Any CPU.ActiveCfg = Release|Any CPU
		{4FE3137B-EC03-4627-A6FB-8DB1CF095E69}.Release|Any CPU.Build.0 = Release|Any CPU
		{4FE3137B-EC03-4627-A6FB-8DB1CF095E69}.Release|iPhone.ActiveCfg = Release|Any CPU
		{4FE3137B-EC03-4627-A6FB-8DB1CF095E69}.Release|iPhone.Build.0 = Release|Any CPU
		{4FE3137B-EC03-4627-A6FB-8DB1CF095E69}.Release|iPhoneSimulator.ActiveCfg = Release|Any CPU
		{4FE3137B-EC03-4627-A6FB-8DB1CF095E69}.Release|iPhoneSimulator.Build.0 = Release|Any CPU
		{DDB73512-22A1-4271-8724-1B6A440348AB}.Debug|Any CPU.ActiveCfg = Debug|Any CPU
		{DDB73512-22A1-4271-8724-1B6A440348AB}.Debug|Any CPU.Build.0 = Debug|Any CPU
		{DDB73512-22A1-4271-8724-1B6A440348AB}.Debug|iPhone.ActiveCfg = Debug|Any CPU
		{DDB73512-22A1-4271-8724-1B6A440348AB}.Debug|iPhone.Build.0 = Debug|Any CPU
		{DDB73512-22A1-4271-8724-1B6A440348AB}.Debug|iPhoneSimulator.ActiveCfg = Debug|Any CPU
		{DDB73512-22A1-4271-8724-1B6A440348AB}.Debug|iPhoneSimulator.Build.0 = Debug|Any CPU
		{DDB73512-22A1-4271-8724-1B6A440348AB}.Release|Any CPU.ActiveCfg = Release|Any CPU
		{DDB73512-22A1-4271-8724-1B6A440348AB}.Release|Any CPU.Build.0 = Release|Any CPU
		{DDB73512-22A1-4271-8724-1B6A440348AB}.Release|iPhone.ActiveCfg = Release|Any CPU
		{DDB73512-22A1-4271-8724-1B6A440348AB}.Release|iPhone.Build.0 = Release|Any CPU
		{DDB73512-22A1-4271-8724-1B6A440348AB}.Release|iPhoneSimulator.ActiveCfg = Release|Any CPU
		{DDB73512-22A1-4271-8724-1B6A440348AB}.Release|iPhoneSimulator.Build.0 = Release|Any CPU
		{DF6B77FA-EB5F-4A12-9D90-6D89BDF3A9C6}.Debug|Any CPU.ActiveCfg = Debug|Any CPU
		{DF6B77FA-EB5F-4A12-9D90-6D89BDF3A9C6}.Debug|Any CPU.Build.0 = Debug|Any CPU
		{DF6B77FA-EB5F-4A12-9D90-6D89BDF3A9C6}.Debug|iPhone.ActiveCfg = Debug|Any CPU
		{DF6B77FA-EB5F-4A12-9D90-6D89BDF3A9C6}.Debug|iPhone.Build.0 = Debug|Any CPU
		{DF6B77FA-EB5F-4A12-9D90-6D89BDF3A9C6}.Debug|iPhoneSimulator.ActiveCfg = Debug|Any CPU
		{DF6B77FA-EB5F-4A12-9D90-6D89BDF3A9C6}.Debug|iPhoneSimulator.Build.0 = Debug|Any CPU
		{DF6B77FA-EB5F-4A12-9D90-6D89BDF3A9C6}.Release|Any CPU.ActiveCfg = Release|Any CPU
		{DF6B77FA-EB5F-4A12-9D90-6D89BDF3A9C6}.Release|Any CPU.Build.0 = Release|Any CPU
		{DF6B77FA-EB5F-4A12-9D90-6D89BDF3A9C6}.Release|iPhone.ActiveCfg = Release|Any CPU
		{DF6B77FA-EB5F-4A12-9D90-6D89BDF3A9C6}.Release|iPhone.Build.0 = Release|Any CPU
		{DF6B77FA-EB5F-4A12-9D90-6D89BDF3A9C6}.Release|iPhoneSimulator.ActiveCfg = Release|Any CPU
		{DF6B77FA-EB5F-4A12-9D90-6D89BDF3A9C6}.Release|iPhoneSimulator.Build.0 = Release|Any CPU
	EndGlobalSection
	GlobalSection(SolutionProperties) = preSolution
		HideSolutionNode = FALSE
	EndGlobalSection
	GlobalSection(ExtensibilityGlobals) = postSolution
		SolutionGuid = {1AEDFBF1-3371-4460-88AC-4799955FCA25}
	EndGlobalSection
EndGlobal
